
Microsoft Visual Studio Solution File, Format Version 12.00
# Visual Studio Version 17
VisualStudioVersion = 17.5.002.0
MinimumVisualStudioVersion = 10.0.40219.1
Project("{9A19103F-16F7-4668-BE54-9A1E7A4F7556}") = "prueba", "prueba\prueba.csproj", "{7BF795B0-987D-411B-A4C5-AF047061E168}"
EndProject
Project("{FAE04EC0-301F-11D3-BF4B-00C04F79EFBC}") = "pruebaTest", "pruebaTest\pruebaTest.csproj", "{195324C5-5F79-42D6-93D3-C768D88C7393}"
EndProject
Global
	GlobalSection(SolutionConfigurationPlatforms) = preSolution
		Debug|Any CPU = Debug|Any CPU
		Release|Any CPU = Release|Any CPU
	EndGlobalSection
	GlobalSection(ProjectConfigurationPlatforms) = postSolution
		{7BF795B0-987D-411B-A4C5-AF047061E168}.Debug|Any CPU.ActiveCfg = Debug|Any CPU
		{7BF795B0-987D-411B-A4C5-AF047061E168}.Debug|Any CPU.Build.0 = Debug|Any CPU
		{7BF795B0-987D-411B-A4C5-AF047061E168}.Release|Any CPU.ActiveCfg = Release|Any CPU
		{7BF795B0-987D-411B-A4C5-AF047061E168}.Release|Any CPU.Build.0 = Release|Any CPU
		{195324C5-5F79-42D6-93D3-C768D88C7393}.Debug|Any CPU.ActiveCfg = Debug|Any CPU
		{195324C5-5F79-42D6-93D3-C768D88C7393}.Debug|Any CPU.Build.0 = Debug|Any CPU
		{195324C5-5F79-42D6-93D3-C768D88C7393}.Release|Any CPU.ActiveCfg = Release|Any CPU
		{195324C5-5F79-42D6-93D3-C768D88C7393}.Release|Any CPU.Build.0 = Release|Any CPU
	EndGlobalSection
	GlobalSection(SolutionProperties) = preSolution
		HideSolutionNode = FALSE
	EndGlobalSection
	GlobalSection(ExtensibilityGlobals) = postSolution
		SolutionGuid = {9455244A-85E2-4C3B-AD1E-00CB6BA8DA0F}
	EndGlobalSection
EndGlobal
